{
  "name": "cadence-ast",
  "lockfileVersion": 2,
  "requires": true,
  "packages": {
    "": {
      "dependencies": {
        "antlr4": "^4.12.0-beta.11"
      }
    },
    "node_modules/antlr4": {
      "version": "4.12.0-beta.11",
      "resolved": "https://registry.npmjs.org/antlr4/-/antlr4-4.12.0-beta.11.tgz",
      "integrity": "sha512-7aGTOrML4sFpQhkCJBeF43OVWa1MVATndGVHRj0/IGkr6m1LonmdoHdV5yUJcPq0fZWzsFO1lMeusUjqTZnz4Q==",
      "engines": {
        "node": ">=16"
      }
    }
  },
  "dependencies": {
    "antlr4": {
      "version": "4.12.0-beta.11",
      "resolved": "https://registry.npmjs.org/antlr4/-/antlr4-4.12.0-beta.11.tgz",
      "integrity": "sha512-7aGTOrML4sFpQhkCJBeF43OVWa1MVATndGVHRj0/IGkr6m1LonmdoHdV5yUJcPq0fZWzsFO1lMeusUjqTZnz4Q=="
    }
  }
}
